{
  "nodes": {
    "catppuccin": {
      "inputs": {
        "nixpkgs": [
          "nixpkgs"
        ]
      },
      "locked": {
        "lastModified": 1789553013,
        "narHash": "sha256-W5dvgFOuVs24X3G5tUb8C2IHU7ICXNvyGPiWWFjfbuo=",
        "owner": "catppuccin",
        "repo": "nix",
        "rev": "89b3eacf59d6b5eefbc2d69c3a4eb5aaf66d63bc",
        "type": "github"
      },
      "original": {
        "owner": "catppuccin",
        "ref": "89b3eacf59d6b5eefbc2d69c3a4eb5aaf66d63bc",
        "repo": "nix",
        "type": "github"
      }
    },
    "claude-code": {
      "inputs": {
        "nixpkgs": [
          "nixpkgs"
        ],
        "systems": "systems"
      },
      "locked": {
        "lastModified": 1791071338,
        "narHash": "sha256-YBAFoulgm9qEavWtmb2gHwk7lgpVZL7vtr4+yi6H3UU=",
        "owner": "sadjow",
        "repo": "claude-code-nix",
        "rev": "b17e42820330bd34ab890632c2f6f80daf4e517f",
        "type": "github"
      },
      "original": {
        "owner": "sadjow",
        "ref": "b17e42820330bd34ab890632c2f6f80daf4e517f",
        "repo": "claude-code-nix",
        "type": "github"
      }
    },
    "claude-skills-opaque": {
      "flake": false,
      "locked": {
        "lastModified": 1787252917,
        "narHash": "sha256-MWUfpoWGdxFTmK4sNNSwQALmMrZXD9YXW/BecnBoHu8=",
        "ref": "refs/heads/main",
        "rev": "4c094cd026e4e5a9298809196692e9e25e6868bc",
        "revCount": 28,
        "type": "git",
        "url": "ssh://git@github.com/opaque-systems/claude-skills.git"
      },
      "original": {
        "type": "git",
        "url": "ssh://git@github.com/opaque-systems/claude-skills.git"
      }
    },
    "darwin": {
      "inputs": {
        "nixpkgs": [
          "nixpkgs"
        ]
      },
      "locked": {
        "lastModified": 1786845137,
        "narHash": "sha256-oQFip+v0luP8NIxJzmiW4Wu8bILsbFWom5l0zonl8hQ=",
        "owner": "lnl7",
        "repo": "nix-darwin",
        "rev": "4cff07de74b50e64bdd68cd4e722ab5b6b35ee48",
        "type": "github"
      },
      "original": {
        "owner": "lnl7",
        "ref": "4cff07de74b50e64bdd68cd4e722ab5b6b35ee48",
        "repo": "nix-darwin",
        "type": "github"
      }
    },
    "deploy-rs": {
      "inputs": {
        "flake-compat": "flake-compat",
        "nixpkgs": [
          "nixpkgs"
        ],
        "utils": "utils"
      },
      "locked": {
        "lastModified": 1790635598,
        "narHash": "sha256-MHycJ+rm2wMrhiO6emgqJUaUbhJU/AvdH8DyUVrU1dw=",
        "owner": "serokell",
        "repo": "deploy-rs",
        "rev": "cf64c8cbadd9b13ea79ba7720aa2930500f2ece7",
        "type": "github"
      },
      "original": {
        "owner": "serokell",
        "ref": "cf64c8cbadd9b13ea79ba7720aa2930500f2ece7",
        "repo": "deploy-rs",
        "type": "github"
      }
    },
    "flake-compat": {
      "flake": false,
      "locked": {
        "lastModified": 1733328505,
        "narHash": "sha256-NeCCThCEP3eCl2l/+27kNNK7QrwZB1IJCrXfrbv5oqU=",
        "owner": "edolstra",
        "repo": "flake-compat",
        "rev": "ff81ac966bb2cae68946d5ed5fc4994f96d0ffec",
        "type": "github"
      },
      "original": {
        "owner": "edolstra",
        "repo": "flake-compat",
        "type": "github"
      }
    },
    "flake-compat_2": {
      "flake": false,
      "locked": {
        "lastModified": 1650374568,
        "narHash": "sha256-Z+s0J8/r907g149rllvwhb4pKi8Wam5ij0st8PwAh+E=",
        "owner": "edolstra",
        "repo": "flake-compat",
        "rev": "b4a34015c698c7793d592d66adbab377907a2be8",
        "type": "github"
      },
      "original": {
        "owner": "edolstra",
        "repo": "flake-compat",
        "type": "github"
      }
    },
    "flake-parts": {
      "inputs": {
        "nixpkgs-lib": "nixpkgs-lib"
      },
      "locked": {
        "lastModified": 1790898470,
        "narHash": "sha256-zTwuwezD0w3hpga6a6P8emidzAZFyWqlNeRBlpWOOl8=",
        "owner": "hercules-ci",
        "repo": "flake-parts",
        "rev": "024633cd702b10285db5cb19b40ad48d2399ba60",
        "type": "github"
      },
      "original": {
        "owner": "hercules-ci",
        "repo": "flake-parts",
        "type": "github"
      }
    },
    "flake-parts_2": {
      "inputs": {
        "nixpkgs-lib": [
          "nur",
          "nixpkgs"
        ]
      },
      "locked": {
        "lastModified": 1733312601,
        "narHash": "sha256-4pDvzqnegAfRkPwO3wmwBhVi/Sye1mzps0zHWYnP88c=",
        "owner": "hercules-ci",
        "repo": "flake-parts",
        "rev": "205b12d8b7cd4802fbcb8e8ef6a0f1408781a4f9",
        "type": "github"
      },
      "original": {
        "owner": "hercules-ci",
        "repo": "flake-parts",
        "type": "github"
      }
    },
    "flake-parts_3": {
      "inputs": {
        "nixpkgs-lib": "nixpkgs-lib_2"
      },
      "locked": {
        "lastModified": 1772408722,
        "narHash": "sha256-rHuJtdcOjK7rAHpHphUb1iCvgkU3GpfvicLMwwnfMT0=",
        "owner": "hercules-ci",
        "repo": "flake-parts",
        "rev": "f20dc5d9b8027381c474144ecabc9034d6a839a3",
        "type": "github"
      },
      "original": {
        "owner": "hercules-ci",
        "repo": "flake-parts",
        "type": "github"
      }
    },
    "flake-utils": {
      "inputs": {
        "systems": "systems_3"
      },
      "locked": {
        "lastModified": 1731533236,
        "narHash": "sha256-l0KFg5HjrsfsO/JpG+r7fRrqm12kzFHyUHqHCVpMMbI=",
        "owner": "numtide",
        "repo": "flake-utils",
        "rev": "11707dc2f618dd54ca8739b309ec4fc024de578b",
        "type": "github"
      },
      "original": {
        "owner": "numtide",
        "repo": "flake-utils",
        "type": "github"
      }
    },
    "flake-utils-plus": {
      "inputs": {
        "flake-utils": "flake-utils_2"
      },
      "locked": {
        "lastModified": 1715533576,
        "narHash": "sha256-fT4ppWeCJ0uR300EH3i7kmgRZnAVxrH+XtK09jQWihk=",
        "owner": "gytis-ivaskevicius",
        "repo": "flake-utils-plus",
        "rev": "3542fe9126dc492e53ddd252bb0260fe035f2c0f",
        "type": "github"
      },
      "original": {
        "owner": "gytis-ivaskevicius",
        "repo": "flake-utils-plus",
        "rev": "3542fe9126dc492e53ddd252bb0260fe035f2c0f",
        "type": "github"
      }
    },
    "flake-utils_2": {
      "inputs": {
        "systems": "systems_4"
      },
      "locked": {
        "lastModified": 1694529238,
        "narHash": "sha256-zsNZZGTGnMOf9YpHKJqMSsa0dXbfmxeoJ7xHlrt+xmY=",
        "owner": "numtide",
        "repo": "flake-utils",
        "rev": "ff7b65b44d01cf9ba6a71320833626af21126384",
        "type": "github"
      },
      "original": {
        "owner": "numtide",
        "repo": "flake-utils",
        "type": "github"
      }
    },
    "home-manager": {
      "inputs": {
        "nixpkgs": [
          "nixpkgs"
        ]
      },
      "locked": {
        "lastModified": 1791163078,
        "narHash": "sha256-DiuwfdoZtEqVRsWuAhXcHa+cfvkr0t/xWW8ugkcxNyI=",
        "owner": "nix-community",
        "repo": "home-manager",
        "rev": "f53f3267f5d009dd8f99443505e609389d7ff267",
        "type": "github"
      },
      "original": {
        "owner": "nix-community",
        "ref": "f53f3267f5d009dd8f99443505e609389d7ff267",
        "repo": "home-manager",
        "type": "github"
      }
    },
    "llama-cpp": {
      "inputs": {
        "flake-parts": "flake-parts",
        "nixpkgs": [
          "nixpkgs"
        ]
      },
      "locked": {
        "lastModified": 1791207863,
        "narHash": "sha256-GuKdhWB/4b3+WT3+GpnmXcqLcIy0OriVcXBO/AcdHPY=",
        "owner": "ggml-org",
        "repo": "llama.cpp",
        "rev": "e117148a41d8e9bedb72e4c6c3f003ab0fe7f857",
        "type": "github"
      },
      "original": {
        "owner": "ggml-org",
        "ref": "e117148a41d8e9bedb72e4c6c3f003ab0fe7f857",
        "repo": "llama.cpp",
        "type": "github"
      }
    },
    "matthart1983-netwatch": {
      "inputs": {
        "flake-utils": "flake-utils",
        "nixpkgs": [
          "nixpkgs"
        ]
      },
      "locked": {
        "lastModified": 1791066536,
        "narHash": "sha256-bb40Niq/X6xoc0ssLsNihV/ZmxZ2WgHrmsPgi68oaRQ=",
        "owner": "matthart1983",
        "repo": "netwatch",
        "rev": "029e49a4b9aeae0bc0a1608bb555881a10e35b58",
        "type": "github"
      },
      "original": {
        "owner": "matthart1983",
        "ref": "029e49a4b9aeae0bc0a1608bb555881a10e35b58",
        "repo": "netwatch",
        "type": "github"
      }
    },
    "microvm": {
      "inputs": {
        "nixpkgs": [
          "nixpkgs"
        ],
        "spectrum": "spectrum"
      },
      "locked": {
        "lastModified": 1790890970,
        "narHash": "sha256-MV/BNWl8docJMxrNtkZ2/iw0FYMesyB69HKkLWk0r5s=",
        "owner": "microvm-nix",
        "repo": "microvm.nix",
        "rev": "3f1540f254fe73ac907281b7de7d396bb3d54850",
        "type": "github"
      },
      "original": {
        "owner": "microvm-nix",
        "ref": "3f1540f254fe73ac907281b7de7d396bb3d54850",
        "repo": "microvm.nix",
        "type": "github"
      }
    },
    "niri": {
      "inputs": {
        "niri-stable": "niri-stable",
        "niri-unstable": "niri-unstable",
        "nixpkgs": [
          "nixpkgs"
        ],
        "nixpkgs-stable": "nixpkgs-stable",
        "xwayland-satellite-stable": "xwayland-satellite-stable",
        "xwayland-satellite-unstable": "xwayland-satellite-unstable"
      },
      "locked": {
        "lastModified": 1785857305,
        "narHash": "sha256-25q05zpF1sqOCxPPUG9DPPGd+EDW7SiAOWCzBWRS7r0=",
        "owner": "sodiboo",
        "repo": "niri-flake",
        "rev": "9ee3e13b60643448228353097880521658b2fe0e",
        "type": "github"
      },
      "original": {
        "owner": "sodiboo",
        "ref": "9ee3e13b60643448228353097880521658b2fe0e",
        "repo": "niri-flake",
        "type": "github"
      }
    },
    "niri-stable": {
      "flake": false,
      "locked": {
        "lastModified": 1756556321,
        "narHash": "sha256-RLD89dfjN0RVO86C/Mot0T7aduCygPGaYbog566F0Qo=",
        "owner": "YaLTeR",
        "repo": "niri",
        "rev": "01be0e65f4eb91a9cd624ac0b76aaeab765c7294",
        "type": "github"
      },
      "original": {
        "owner": "YaLTeR",
        "ref": "v25.08",
        "repo": "niri",
        "type": "github"
      }
    },
    "niri-unstable": {
      "flake": false,
      "locked": {
        "lastModified": 1785701241,
        "narHash": "sha256-ircVOzPWRircI39ac/tqJajr5OoJxEVrDlBb05TULEk=",
        "owner": "YaLTeR",
        "repo": "niri",
        "rev": "feb3e43f1475e0865bb89cbd1e898b34d1d2ccf6",
        "type": "github"
      },
      "original": {
        "owner": "YaLTeR",
        "repo": "niri",
        "type": "github"
      }
    },
    "nix-vscode-extensions": {
      "inputs": {
        "nixpkgs": [
          "nixpkgs"
        ]
      },
      "locked": {
        "lastModified": 1791176327,
        "narHash": "sha256-yk1ENbdMkR35iyrsxBQi2vzArSPHPhgx0rlr7QXAh1U=",
        "owner": "nix-community",
        "repo": "nix-vscode-extensions",
        "rev": "10cb8298d5bf73196c70f7ba25a7aac01d3b9b4f",
        "type": "github"
      },
      "original": {
        "owner": "nix-community",
        "ref": "10cb8298d5bf73196c70f7ba25a7aac01d3b9b4f",
        "repo": "nix-vscode-extensions",
        "type": "github"
      }
    },
    "nixos-hardware": {
      "inputs": {
        "nixpkgs": "nixpkgs"
      },
      "locked": {
        "lastModified": 1791128201,
        "narHash": "sha256-rlsYY/Dg/LhbIj51Aa6TLvRpZeb3KZgUTd7llQ5XcJE=",
        "owner": "nixos",
        "repo": "nixos-hardware",
        "rev": "31cc5f4d9b9ba601071e8b8504601b9b176e2756",
        "type": "github"
      },
      "original": {
        "owner": "nixos",
        "ref": "31cc5f4d9b9ba601071e8b8504601b9b176e2756",
        "repo": "nixos-hardware",
        "type": "github"
      }
    },
    "nixpkgs": {
      "locked": {
        "lastModified": 1789546076,
        "narHash": "sha256-vWkSk5bbfTqdtMoSgD9FshACO8JCvXTFi+3cqEp0mH0=",
        "rev": "b1b875982b17dabde9b4a37f3e229e74913e6db3",
        "type": "tarball",
        "url": "https://releases.nixos.org/nixos/unstable/nixos-26.11pre1074753.b1b875982b17/nixexprs.tar.xz"
      },
      "original": {
        "type": "tarball",
        "url": "https://channels.nixos.org/nixos-unstable/nixexprs.tar.xz"
      }
    },
    "nixpkgs-lib": {
      "locked": {
        "lastModified": 1790477367,
        "narHash": "sha256-oujbxmVKDhci2E4EM3KyAbRUgp5/IsCoiA/LfEF7OOk=",
        "owner": "nix-community",
        "repo": "nixpkgs.lib",
        "rev": "f7cd230690d9fc982d06129f9189b101fddcfa3b",
        "type": "github"
      },
      "original": {
        "owner": "nix-community",
        "repo": "nixpkgs.lib",
        "type": "github"
      }
    },
    "nixpkgs-lib_2": {
      "locked": {
        "lastModified": 1772328832,
        "narHash": "sha256-e+/T/pmEkLP6BHhYjx6GmwP5ivonQQn0bJdH9YrRB+Q=",
        "owner": "nix-community",
        "repo": "nixpkgs.lib",
        "rev": "c185c7a5e5dd8f9add5b2f8ebeff00888b070742",
        "type": "github"
      },
      "original": {
        "owner": "nix-community",
        "repo": "nixpkgs.lib",
        "type": "github"
      }
    },
    "nixpkgs-stable": {
      "locked": {
        "lastModified": 1782847189,
        "narHash": "sha256-twXPFqFsrrY5r28Zh7Homgcp2gUMBgQ6WDS98Q/3xFI=",
        "owner": "NixOS",
        "repo": "nixpkgs",
        "rev": "b6018f87da91d19d0ab4cf979885689b469cdd41",
        "type": "github"
      },
      "original": {
        "owner": "NixOS",
        "ref": "nixos-25.11",
        "repo": "nixpkgs",
        "type": "github"
      }
    },
    "nixpkgs-stable_2": {
      "locked": {
        "lastModified": 1791208603,
        "narHash": "sha256-BWH1a5JLVwaM6seCYAbg68en1BB9OtmCNm9mY95ikjQ=",
        "owner": "NixOS",
        "repo": "nixpkgs",
        "rev": "9adf22f23c377fa740fa1a643ea3e368cb085b9c",
        "type": "github"
      },
      "original": {
        "owner": "NixOS",
        "ref": "9adf22f23c377fa740fa1a643ea3e368cb085b9c",
        "repo": "nixpkgs",
        "type": "github"
      }
    },
    "nixpkgs_2": {
      "locked": {
        "lastModified": 1791208603,
        "narHash": "sha256-BWH1a5JLVwaM6seCYAbg68en1BB9OtmCNm9mY95ikjQ=",
        "owner": "NixOS",
        "repo": "nixpkgs",
        "rev": "9adf22f23c377fa740fa1a643ea3e368cb085b9c",
        "type": "github"
      },
      "original": {
        "owner": "NixOS",
        "ref": "9adf22f23c377fa740fa1a643ea3e368cb085b9c",
        "repo": "nixpkgs",
        "type": "github"
      }
    },
    "nixvirt": {
      "inputs": {
        "nixpkgs": [
          "nixpkgs"
        ]
      },
      "locked": {
        "lastModified": 1790582492,
        "narHash": "sha256-K3e4Kek8rl6+e0JFOABqoage01UyroU299WRMIK+qJo=",
        "owner": "AshleyYakeley",
        "repo": "NixVirt",
        "rev": "1718a120e0b5d6af4df53a5c95ab3c670ae2d6b7",
        "type": "github"
      },
      "original": {
        "owner": "AshleyYakeley",
        "ref": "1718a120e0b5d6af4df53a5c95ab3c670ae2d6b7",
        "repo": "NixVirt",
        "type": "github"
      }
    },
    "noctalia": {
      "inputs": {
        "nixpkgs": [
          "nixpkgs"
        ]
      },
      "locked": {
        "lastModified": 1791048152,
        "narHash": "sha256-R+cq28uDVDRY//7BjWXh/oKGv+yIrDsuFJJX9H41yEo=",
        "owner": "noctalia-dev",
        "repo": "noctalia-shell",
        "rev": "e639a87e811ad3268c73f6d5e77669c94184ba15",
        "type": "github"
      },
      "original": {
        "owner": "noctalia-dev",
        "ref": "e639a87e811ad3268c73f6d5e77669c94184ba15",
        "repo": "noctalia-shell",
        "type": "github"
      }
    },
    "nur": {
      "inputs": {
        "flake-parts": "flake-parts_2",
        "nixpkgs": [
          "nixpkgs"
        ]
      },
      "locked": {
        "lastModified": 1791204930,
        "narHash": "sha256-lpfTmc1QKBu92qY7VnC0Jb7CUgtAamgDhj77STevMZU=",
        "owner": "nix-community",
        "repo": "NUR",
        "rev": "82f46d73b9b4331ba2cf3bf81cd3bea189726deb",
        "type": "github"
      },
      "original": {
        "owner": "nix-community",
        "ref": "82f46d73b9b4331ba2cf3bf81cd3bea189726deb",
        "repo": "NUR",
        "type": "github"
      }
    },
    "root": {
      "inputs": {
        "catppuccin": "catppuccin",
        "claude-code": "claude-code",
        "claude-skills-opaque": "claude-skills-opaque",
        "darwin": "darwin",
        "deploy-rs": "deploy-rs",
        "home-manager": "home-manager",
        "llama-cpp": "llama-cpp",
        "matthart1983-netwatch": "matthart1983-netwatch",
        "microvm": "microvm",
        "niri": "niri",
        "nix-vscode-extensions": "nix-vscode-extensions",
        "nixos-hardware": "nixos-hardware",
        "nixpkgs": "nixpkgs_2",
        "nixpkgs-stable": "nixpkgs-stable_2",
        "nixvirt": "nixvirt",
        "noctalia": "noctalia",
        "nur": "nur",
        "snowfall-lib": "snowfall-lib",
        "sops-nix": "sops-nix",
        "virby": "virby",
        "vscode-server": "vscode-server"
      }
    },
    "snowfall-lib": {
      "inputs": {
        "flake-compat": "flake-compat_2",
        "flake-utils-plus": "flake-utils-plus",
        "nixpkgs": [
          "nixpkgs"
        ]
      },
      "locked": {
        "lastModified": 1784328457,
        "narHash": "sha256-4R5WV74NHhPk21ctoPmjL7nQ6txDnoBLwSWULvIw0TY=",
        "owner": "snowfallorg",
        "repo": "lib",
        "rev": "6ee3542cb459ca4b038cfe50ceb8797f05cdabad",
        "type": "github"
      },
      "original": {
        "owner": "snowfallorg",
        "ref": "6ee3542cb459ca4b038cfe50ceb8797f05cdabad",
        "repo": "lib",
        "type": "github"
      }
    },
    "sops-nix": {
      "inputs": {
        "nixpkgs": [
          "nixpkgs"
        ]
      },
      "locked": {
        "lastModified": 1791103873,
        "narHash": "sha256-nFxM+pKoZ8LJAEnUXARyCaOAloWgaW9kZQOSjWzKcTE=",
        "owner": "Mic92",
        "repo": "sops-nix",
        "rev": "dcd241ba97088c22569d1573286e1b9daad340c0",
        "type": "github"
      },
      "original": {
        "owner": "Mic92",
        "ref": "dcd241ba97088c22569d1573286e1b9daad340c0",
        "repo": "sops-nix",
        "type": "github"
      }
    },
    "spectrum": {
      "flake": false,
      "locked": {
        "lastModified": 1786032750,
        "narHash": "sha256-+Ba/kIn5BjvV7PN8bWOo7RoqgTY/Yv2M7qeMf3wS2Ag=",
        "ref": "refs/heads/main",
        "rev": "77d2389874bb092b8dbf05ecc5b1030372e80e98",
        "revCount": 1417,
        "type": "git",
        "url": "https://spectrum-os.org/git/spectrum"
      },
      "original": {
        "type": "git",
        "url": "https://spectrum-os.org/git/spectrum"
      }
    },
    "systems": {
      "locked": {
        "lastModified": 1681028828,
        "narHash": "sha256-Vy1rq5AaRuLzOxct8nz4T6wlgyUR7zLU309k9mBC768=",
        "owner": "nix-systems",
        "repo": "default",
        "rev": "da67096a3b9bf56a91d16901293e51ba5b49a27e",
        "type": "github"
      },
      "original": {
        "owner": "nix-systems",
        "repo": "default",
        "type": "github"
      }
    },
    "systems_2": {
      "locked": {
        "lastModified": 1681028828,
        "narHash": "sha256-Vy1rq5AaRuLzOxct8nz4T6wlgyUR7zLU309k9mBC768=",
        "owner": "nix-systems",
        "repo": "default",
        "rev": "da67096a3b9bf56a91d16901293e51ba5b49a27e",
        "type": "github"
      },
      "original": {
        "owner": "nix-systems",
        "repo": "default",
        "type": "github"
      }
    },
    "systems_3": {
      "locked": {
        "lastModified": 1681028828,
        "narHash": "sha256-Vy1rq5AaRuLzOxct8nz4T6wlgyUR7zLU309k9mBC768=",
        "owner": "nix-systems",
        "repo": "default",
        "rev": "da67096a3b9bf56a91d16901293e51ba5b49a27e",
        "type": "github"
      },
      "original": {
        "owner": "nix-systems",
        "repo": "default",
        "type": "github"
      }
    },
    "systems_4": {
      "locked": {
        "lastModified": 1681028828,
        "narHash": "sha256-Vy1rq5AaRuLzOxct8nz4T6wlgyUR7zLU309k9mBC768=",
        "owner": "nix-systems",
        "repo": "default",
        "rev": "da67096a3b9bf56a91d16901293e51ba5b49a27e",
        "type": "github"
      },
      "original": {
        "owner": "nix-systems",
        "repo": "default",
        "type": "github"
      }
    },
    "utils": {
      "inputs": {
        "systems": "systems_2"
      },
      "locked": {
        "lastModified": 1731533236,
        "narHash": "sha256-l0KFg5HjrsfsO/JpG+r7fRrqm12kzFHyUHqHCVpMMbI=",
        "owner": "numtide",
        "repo": "flake-utils",
        "rev": "11707dc2f618dd54ca8739b309ec4fc024de578b",
        "type": "github"
      },
      "original": {
        "owner": "numtide",
        "repo": "flake-utils",
        "type": "github"
      }
    },
    "virby": {
      "inputs": {
        "nixpkgs": [
          "nixpkgs"
        ]
      },
      "locked": {
        "lastModified": 1782970342,
        "narHash": "sha256-5oVThXJjEFPiCTm6jzAmSCVRuDRi4AG3HgLLjpgLYXA=",
        "owner": "quinneden",
        "repo": "virby-nix-darwin",
        "rev": "a52216470a97ef5970939acf697a00ec61beb0c6",
        "type": "github"
      },
      "original": {
        "owner": "quinneden",
        "ref": "a52216470a97ef5970939acf697a00ec61beb0c6",
        "repo": "virby-nix-darwin",
        "type": "github"
      }
    },
    "vscode-server": {
      "inputs": {
        "flake-parts": "flake-parts_3"
      },
      "locked": {
        "lastModified": 1784312229,
        "narHash": "sha256-2uHCSUw341o3my1R0U0YCfbnMEazylxb58evWsjGL50=",
        "owner": "nix-community",
        "repo": "nixos-vscode-server",
        "rev": "2f984dfbe7e5271b5c413d3e734374cc1306c921",
        "type": "github"
      },
      "original": {
        "owner": "nix-community",
        "ref": "2f984dfbe7e5271b5c413d3e734374cc1306c921",
        "repo": "nixos-vscode-server",
        "type": "github"
      }
    },
    "xwayland-satellite-stable": {
      "flake": false,
      "locked": {
        "lastModified": 1755491097,
        "narHash": "sha256-m+9tUfsmBeF2Gn4HWa6vSITZ4Gz1eA1F5Kh62B0N4oE=",
        "owner": "Supreeeme",
        "repo": "xwayland-satellite",
        "rev": "388d291e82ffbc73be18169d39470f340707edaa",
        "type": "github"
      },
      "original": {
        "owner": "Supreeeme",
        "ref": "v0.7",
        "repo": "xwayland-satellite",
        "type": "github"
      }
    },
    "xwayland-satellite-unstable": {
      "flake": false,
      "locked": {
        "lastModified": 1784679892,
        "narHash": "sha256-Mb7jpqnrcYCfNSItIkkHpuR3YxWFxPuIBfcwNKlRBkk=",
        "owner": "Supreeeme",
        "repo": "xwayland-satellite",
        "rev": "8d135d3b2854b30fd01ea6cd6c27e523dd50a839",
        "type": "github"
      },
      "original": {
        "owner": "Supreeeme",
        "repo": "xwayland-satellite",
        "type": "github"
      }
    }
  },
  "root": "root",
  "version": 7
}
